// !$*UTF8*$!
{
	archiveVersion = 1;
	classes = {
	};
	objectVersion = 56;
	objects = {

/* Begin PBXBuildFile section */
		2637906B2B70150700FBA9D1 /* PointsView.swift in Sources */ = {isa = PBXBuildFile; fileRef = 2637906A2B70150700FBA9D1 /* PointsView.swift */; };
		2637906D2B7048C000FBA9D1 /* Constants.swift in Sources */ = {isa = PBXBuildFile; fileRef = 2637906C2B7048C000FBA9D1 /* Constants.swift */; };
		263D7BD42B69764200C8EBD7 /* BackgroundView.swift in Sources */ = {isa = PBXBuildFile; fileRef = 263D7BD32B69764200C8EBD7 /* BackgroundView.swift */; };
		267610182B5291B000DA7C50 /* Game.swift in Sources */ = {isa = PBXBuildFile; fileRef = 267610172B5291B000DA7C50 /* Game.swift */; };
		26C291C32B71657400517FD8 /* LeaderboardView.swift in Sources */ = {isa = PBXBuildFile; fileRef = 26C291C22B71657400517FD8 /* LeaderboardView.swift */; };
		26DE916D2B516AE700ADC13A /* BullseyeApp.swift in Sources */ = {isa = PBXBuildFile; fileRef = 26DE916C2B516AE700ADC13A /* BullseyeApp.swift */; };
		26DE916F2B516AE700ADC13A /* ContentView.swift in Sources */ = {isa = PBXBuildFile; fileRef = 26DE916E2B516AE700ADC13A /* ContentView.swift */; };
		26DE91712B516AEA00ADC13A /* Assets.xcassets in Resources */ = {isa = PBXBuildFile; fileRef = 26DE91702B516AEA00ADC13A /* Assets.xcassets */; };
		26DE91742B516AEA00ADC13A /* Preview Assets.xcassets in Resources */ = {isa = PBXBuildFile; fileRef = 26DE91732B516AEA00ADC13A /* Preview Assets.xcassets */; };
		26DE917E2B516AEA00ADC13A /* BullseyeTests.swift in Sources */ = {isa = PBXBuildFile; fileRef = 26DE917D2B516AEA00ADC13A /* BullseyeTests.swift */; };
		26DE91882B516AEA00ADC13A /* BullseyeUITests.swift in Sources */ = {isa = PBXBuildFile; fileRef = 26DE91872B516AEA00ADC13A /* BullseyeUITests.swift */; };
		26DE918A2B516AEA00ADC13A /* BullseyeUITestsLaunchTests.swift in Sources */ = {isa = PBXBuildFile; fileRef = 26DE91892B516AEA00ADC13A /* BullseyeUITestsLaunchTests.swift */; };
		26FE056F2B551FFD008ABDE9 /* TextViews.swift in Sources */ = {isa = PBXBuildFile; fileRef = 26FE056E2B551FFD008ABDE9 /* TextViews.swift */; };
		26FE05752B5552C9008ABDE9 /* RoundedViews.swift in Sources */ = {isa = PBXBuildFile; fileRef = 26FE05742B5552C9008ABDE9 /* RoundedViews.swift */; };
		26FE05782B555300008ABDE9 /* ShapesView.swift in Sources */ = {isa = PBXBuildFile; fileRef = 26FE05772B555300008ABDE9 /* ShapesView.swift */; };
/* End PBXBuildFile section */

/* Begin PBXContainerItemProxy section */
		26DE917A2B516AEA00ADC13A /* PBXContainerItemProxy */ = {
			isa = PBXContainerItemProxy;
			containerPortal = 26DE91612B516AE700ADC13A /* Project object */;
			proxyType = 1;
			remoteGlobalIDString = 26DE91682B516AE700ADC13A;
			remoteInfo = Bullseye;
		};
		26DE91842B516AEA00ADC13A /* PBXContainerItemProxy */ = {
			isa = PBXContainerItemProxy;
			containerPortal = 26DE91612B516AE700ADC13A /* Project object */;
			proxyType = 1;
			remoteGlobalIDString = 26DE91682B516AE700ADC13A;
			remoteInfo = Bullseye;
		};
/* End PBXContainerItemProxy section */

/* Begin PBXFileReference section */
		2637906A2B70150700FBA9D1 /* PointsView.swift */ = {isa = PBXFileReference; lastKnownFileType = sourcecode.swift; path = PointsView.swift; sourceTree = "<group>"; };
		2637906C2B7048C000FBA9D1 /* Constants.swift */ = {isa = PBXFileReference; lastKnownFileType = sourcecode.swift; path = Constants.swift; sourceTree = "<group>"; };
		263D7BD32B69764200C8EBD7 /* BackgroundView.swift */ = {isa = PBXFileReference; lastKnownFileType = sourcecode.swift; path = BackgroundView.swift; sourceTree = "<group>"; };
		267610172B5291B000DA7C50 /* Game.swift */ = {isa = PBXFileReference; lastKnownFileType = sourcecode.swift; path = Game.swift; sourceTree = "<group>"; };
		26C291C22B71657400517FD8 /* LeaderboardView.swift */ = {isa = PBXFileReference; lastKnownFileType = sourcecode.swift; path = LeaderboardView.swift; sourceTree = "<group>"; };
		26DE91692B516AE700ADC13A /* Bullseye.app */ = {isa = PBXFileReference; explicitFileType = wrapper.application; includeInIndex = 0; path = Bullseye.app; sourceTree = BUILT_PRODUCTS_DIR; };
		26DE916C2B516AE700ADC13A /* BullseyeApp.swift */ = {isa = PBXFileReference; lastKnownFileType = sourcecode.swift; path = BullseyeApp.swift; sourceTree = "<group>"; };
		26DE916E2B516AE700ADC13A /* ContentView.swift */ = {isa = PBXFileReference; lastKnownFileType = sourcecode.swift; path = ContentView.swift; sourceTree = "<group>"; };
		26DE91702B516AEA00ADC13A /* Assets.xcassets */ = {isa = PBXFileReference; lastKnownFileType = folder.assetcatalog; path = Assets.xcassets; sourceTree = "<group>"; };
		26DE91732B516AEA00ADC13A /* Preview Assets.xcassets */ = {isa = PBXFileReference; lastKnownFileType = folder.assetcatalog; path = "Preview Assets.xcassets"; sourceTree = "<group>"; };
		26DE91792B516AEA00ADC13A /* BullseyeTests.xctest */ = {isa = PBXFileReference; explicitFileType = wrapper.cfbundle; includeInIndex = 0; path = BullseyeTests.xctest; sourceTree = BUILT_PRODUCTS_DIR; };
		26DE917D2B516AEA00ADC13A /* BullseyeTests.swift */ = {isa = PBXFileReference; lastKnownFileType = sourcecode.swift; path = BullseyeTests.swift; sourceTree = "<group>"; };
		26DE91832B516AEA00ADC13A /* BullseyeUITests.xctest */ = {isa = PBXFileReference; explicitFileType = wrapper.cfbundle; includeInIndex = 0; path = BullseyeUITests.xctest; sourceTree = BUILT_PRODUCTS_DIR; };
		26DE91872B516AEA00ADC13A /* BullseyeUITests.swift */ = {isa = PBXFileReference; lastKnownFileType = sourcecode.swift; path = BullseyeUITests.swift; sourceTree = "<group>"; };
		26DE91892B516AEA00ADC13A /* BullseyeUITestsLaunchTests.swift */ = {isa = PBXFileReference; lastKnownFileType = sourcecode.swift; path = BullseyeUITestsLaunchTests.swift; sourceTree = "<group>"; };
		26FE056E2B551FFD008ABDE9 /* TextViews.swift */ = {isa = PBXFileReference; lastKnownFileType = sourcecode.swift; path = TextViews.swift; sourceTree = "<group>"; };
		26FE05742B5552C9008ABDE9 /* RoundedViews.swift */ = {isa = PBXFileReference; lastKnownFileType = sourcecode.swift; path = RoundedViews.swift; sourceTree = "<group>"; };
		26FE05772B555300008ABDE9 /* ShapesView.swift */ = {isa = PBXFileReference; lastKnownFileType = sourcecode.swift; path = ShapesView.swift; sourceTree = "<group>"; };
/* End PBXFileReference section */

/* Begin PBXFrameworksBuildPhase section */
		26DE91662B516AE700ADC13A /* Frameworks */ = {
			isa = PBXFrameworksBuildPhase;
			buildActionMask = 2147483647;
			files = (
			);
			runOnlyForDeploymentPostprocessing = 0;
		};
		26DE91762B516AEA00ADC13A /* Frameworks */ = {
			isa = PBXFrameworksBuildPhase;
			buildActionMask = 2147483647;
			files = (
			);
			runOnlyForDeploymentPostprocessing = 0;
		};
		26DE91802B516AEA00ADC13A /* Frameworks */ = {
			isa = PBXFrameworksBuildPhase;
			buildActionMask = 2147483647;
			files = (
			);
			runOnlyForDeploymentPostprocessing = 0;
		};
/* End PBXFrameworksBuildPhase section */

/* Begin PBXGroup section */
		267610132B528FD900DA7C50 /* Models */ = {
			isa = PBXGroup;
			children = (
				267610172B5291B000DA7C50 /* Game.swift */,
				2637906C2B7048C000FBA9D1 /* Constants.swift */,
			);
			path = Models;
			sourceTree = "<group>";
		};
		267610142B528FFC00DA7C50 /* Views */ = {
			isa = PBXGroup;
			children = (
				26DE916E2B516AE700ADC13A /* ContentView.swift */,
				26FE056E2B551FFD008ABDE9 /* TextViews.swift */,
				26FE05742B5552C9008ABDE9 /* RoundedViews.swift */,
				26FE05772B555300008ABDE9 /* ShapesView.swift */,
				263D7BD32B69764200C8EBD7 /* BackgroundView.swift */,
				2637906A2B70150700FBA9D1 /* PointsView.swift */,
				26C291C22B71657400517FD8 /* LeaderboardView.swift */,
			);
			path = Views;
			sourceTree = "<group>";
		};
		267610162B52902600DA7C50 /* App */ = {
			isa = PBXGroup;
			children = (
				26DE916C2B516AE700ADC13A /* BullseyeApp.swift */,
				26DE91702B516AEA00ADC13A /* Assets.xcassets */,
			);
			path = App;
			sourceTree = "<group>";
		};
		26DE91602B516AE700ADC13A = {
			isa = PBXGroup;
			children = (
				26DE916B2B516AE700ADC13A /* Bullseye */,
				26DE91722B516AEA00ADC13A /* Preview Content */,
				26DE917C2B516AEA00ADC13A /* BullseyeTests */,
				26DE91862B516AEA00ADC13A /* BullseyeUITests */,
				26DE916A2B516AE700ADC13A /* Products */,
			);
			sourceTree = "<group>";
		};
		26DE916A2B516AE700ADC13A /* Products */ = {
			isa = PBXGroup;
			children = (
				26DE91692B516AE700ADC13A /* Bullseye.app */,
				26DE91792B516AEA00ADC13A /* BullseyeTests.xctest */,
				26DE91832B516AEA00ADC13A /* BullseyeUITests.xctest */,
			);
			name = Products;
			sourceTree = "<group>";
		};
		26DE916B2B516AE700ADC13A /* Bullseye */ = {
			isa = PBXGroup;
			children = (
				267610162B52902600DA7C50 /* App */,
				267610142B528FFC00DA7C50 /* Views */,
				267610132B528FD900DA7C50 /* Models */,
			);
			path = Bullseye;
			sourceTree = "<group>";
		};
		26DE91722B516AEA00ADC13A /* Preview Content */ = {
			isa = PBXGroup;
			children = (
				26DE91732B516AEA00ADC13A /* Preview Assets.xcassets */,
			);
			path = "Preview Content";
			sourceTree = "<group>";
		};
		26DE917C2B516AEA00ADC13A /* BullseyeTests */ = {
			isa = PBXGroup;
			children = (
				26DE917D2B516AEA00ADC13A /* BullseyeTests.swift */,
			);
			path = BullseyeTests;
			sourceTree = "<group>";
		};
		26DE91862B516AEA00ADC13A /* BullseyeUITests */ = {
			isa = PBXGroup;
			children = (
				26DE91872B516AEA00ADC13A /* BullseyeUITests.swift */,
				26DE91892B516AEA00ADC13A /* BullseyeUITestsLaunchTests.swift */,
			);
			path = BullseyeUITests;
			sourceTree = "<group>";
		};
/* End PBXGroup section */

/* Begin PBXNativeTarget section */
		26DE91682B516AE700ADC13A /* Bullseye */ = {
			isa = PBXNativeTarget;
			buildConfigurationList = 26DE918D2B516AEA00ADC13A /* Build configuration list for PBXNativeTarget "Bullseye" */;
			buildPhases = (
				26DE91652B516AE700ADC13A /* Sources */,
				26DE91662B516AE700ADC13A /* Frameworks */,
				26DE91672B516AE700ADC13A /* Resources */,
			);
			buildRules = (
			);
			dependencies = (
			);
			name = Bullseye;
			productName = Bullseye;
			productReference = 26DE91692B516AE700ADC13A /* Bullseye.app */;
			productType = "com.apple.product-type.application";
		};
		26DE91782B516AEA00ADC13A /* BullseyeTests */ = {
			isa = PBXNativeTarget;
			buildConfigurationList = 26DE91902B516AEA00ADC13A /* Build configuration list for PBXNativeTarget "BullseyeTests" */;
			buildPhases = (
				26DE91752B516AEA00ADC13A /* Sources */,
				26DE91762B516AEA00ADC13A /* Frameworks */,
				26DE91772B516AEA00ADC13A /* Resources */,
			);
			buildRules = (
			);
			dependencies = (
				26DE917B2B516AEA00ADC13A /* PBXTargetDependency */,
			);
			name = BullseyeTests;
			productName = BullseyeTests;
			productReference = 26DE91792B516AEA00ADC13A /* BullseyeTests.xctest */;
			productType = "com.apple.product-type.bundle.unit-test";
		};
		26DE91822B516AEA00ADC13A /* BullseyeUITests */ = {
			isa = PBXNativeTarget;
			buildConfigurationList = 26DE91932B516AEA00ADC13A /* Build configuration list for PBXNativeTarget "BullseyeUITests" */;
			buildPhases = (
				26DE917F2B516AEA00ADC13A /* Sources */,
				26DE91802B516AEA00ADC13A /* Frameworks */,
				26DE91812B516AEA00ADC13A /* Resources */,
			);
			buildRules = (
			);
			dependencies = (
				26DE91852B516AEA00ADC13A /* PBXTargetDependency */,
			);
			name = BullseyeUITests;
			productName = BullseyeUITests;
			productReference = 26DE91832B516AEA00ADC13A /* BullseyeUITests.xctest */;
			productType = "com.apple.product-type.bundle.ui-testing";
		};
/* End PBXNativeTarget section */

/* Begin PBXProject section */
		26DE91612B516AE700ADC13A /* Project object */ = {
			isa = PBXProject;
			attributes = {
				BuildIndependentTargetsInParallel = 1;
				LastSwiftUpdateCheck = 1500;
				LastUpgradeCheck = 1500;
				TargetAttributes = {
					26DE91682B516AE700ADC13A = {
						CreatedOnToolsVersion = 15.0.1;
					};
					26DE91782B516AEA00ADC13A = {
						CreatedOnToolsVersion = 15.0.1;
						TestTargetID = 26DE91682B516AE700ADC13A;
					};
					26DE91822B516AEA00ADC13A = {
						CreatedOnToolsVersion = 15.0.1;
						TestTargetID = 26DE91682B516AE700ADC13A;
					};
				};
			};
			buildConfigurationList = 26DE91642B516AE700ADC13A /* Build configuration list for PBXProject "Bullseye" */;
			compatibilityVersion = "Xcode 14.0";
			developmentRegion = en;
			hasScannedForEncodings = 0;
			knownRegions = (
				en,
				Base,
			);
			mainGroup = 26DE91602B516AE700ADC13A;
			productRefGroup = 26DE916A2B516AE700ADC13A /* Products */;
			projectDirPath = "";
			projectRoot = "";
			targets = (
				26DE91682B516AE700ADC13A /* Bullseye */,
				26DE91782B516AEA00ADC13A /* BullseyeTests */,
				26DE91822B516AEA00ADC13A /* BullseyeUITests */,
			);
		};
/* End PBXProject section */

/* Begin PBXResourcesBuildPhase section */
		26DE91672B516AE700ADC13A /* Resources */ = {
			isa = PBXResourcesBuildPhase;
			buildActionMask = 2147483647;
			files = (
				26DE91742B516AEA00ADC13A /* Preview Assets.xcassets in Resources */,
				26DE91712B516AEA00ADC13A /* Assets.xcassets in Resources */,
			);
			runOnlyForDeploymentPostprocessing = 0;
		};
		26DE91772B516AEA00ADC13A /* Resources */ = {
			isa = PBXResourcesBuildPhase;
			buildActionMask = 2147483647;
			files = (
			);
			runOnlyForDeploymentPostprocessing = 0;
		};
		26DE91812B516AEA00ADC13A /* Resources */ = {
			isa = PBXResourcesBuildPhase;
			buildActionMask = 2147483647;
			files = (
			);
			runOnlyForDeploymentPostprocessing = 0;
		};
/* End PBXResourcesBuildPhase section */

/* Begin PBXSourcesBuildPhase section */
		26DE91652B516AE700ADC13A /* Sources */ = {
			isa = PBXSourcesBuildPhase;
			buildActionMask = 2147483647;
			files = (
				26C291C32B71657400517FD8 /* LeaderboardView.swift in Sources */,
				26FE05752B5552C9008ABDE9 /* RoundedViews.swift in Sources */,
				26DE916F2B516AE700ADC13A /* ContentView.swift in Sources */,
				26FE05782B555300008ABDE9 /* ShapesView.swift in Sources */,
				2637906B2B70150700FBA9D1 /* PointsView.swift in Sources */,
				263D7BD42B69764200C8EBD7 /* BackgroundView.swift in Sources */,
				26FE056F2B551FFD008ABDE9 /* TextViews.swift in Sources */,
				267610182B5291B000DA7C50 /* Game.swift in Sources */,
				26DE916D2B516AE700ADC13A /* BullseyeApp.swift in Sources */,
				2637906D2B7048C000FBA9D1 /* Constants.swift in Sources */,
			);
			runOnlyForDeploymentPostprocessing = 0;
		};
		26DE91752B516AEA00ADC13A /* Sources */ = {
			isa = PBXSourcesBuildPhase;
			buildActionMask = 2147483647;
			files = (
				26DE917E2B516AEA00ADC13A /* BullseyeTests.swift in Sources */,
			);
			runOnlyForDeploymentPostprocessing = 0;
		};
		26DE917F2B516AEA00ADC13A /* Sources */ = {
			isa = PBXSourcesBuildPhase;
			buildActionMask = 2147483647;
			files = (
				26DE918A2B516AEA00ADC13A /* BullseyeUITestsLaunchTests.swift in Sources */,
				26DE91882B516AEA00ADC13A /* BullseyeUITests.swift in Sources */,
			);
			runOnlyForDeploymentPostprocessing = 0;
		};
/* End PBXSourcesBuildPhase section */

/* Begin PBXTargetDependency section */
		26DE917B2B516AEA00ADC13A /* PBXTargetDependency */ = {
			isa = PBXTargetDependency;
			target = 26DE91682B516AE700ADC13A /* Bullseye */;
			targetProxy = 26DE917A2B516AEA00ADC13A /* PBXContainerItemProxy */;
		};
		26DE91852B516AEA00ADC13A /* PBXTargetDependency */ = {
			isa = PBXTargetDependency;
			target = 26DE91682B516AE700ADC13A /* Bullseye */;
			targetProxy = 26DE91842B516AEA00ADC13A /* PBXContainerItemProxy */;
		};
/* End PBXTargetDependency section */

/* Begin XCBuildConfiguration section */
		26DE918B2B516AEA00ADC13A /* Debug */ = {
			isa = XCBuildConfiguration;
			buildSettings = {
				ALWAYS_SEARCH_USER_PATHS = NO;
				ASSETCATALOG_COMPILER_GENERATE_SWIFT_ASSET_SYMBOL_EXTENSIONS = YES;
				CLANG_ANALYZER_NONNULL = YES;
				CLANG_ANALYZER_NUMBER_OBJECT_CONVERSION = YES_AGGRESSIVE;
				CLANG_CXX_LANGUAGE_STANDARD = "gnu++20";
				CLANG_ENABLE_MODULES = YES;
				CLANG_ENABLE_OBJC_ARC = YES;
				CLANG_ENABLE_OBJC_WEAK = YES;
				CLANG_WARN_BLOCK_CAPTURE_AUTORELEASING = YES;
				CLANG_WARN_BOOL_CONVERSION = YES;
				CLANG_WARN_COMMA = YES;
				CLANG_WARN_CONSTANT_CONVERSION = YES;
				CLANG_WARN_DEPRECATED_OBJC_IMPLEMENTATIONS = YES;
				CLANG_WARN_DIRECT_OBJC_ISA_USAGE = YES_ERROR;
				CLANG_WARN_DOCUMENTATION_COMMENTS = YES;
				CLANG_WARN_EMPTY_BODY = YES;
				CLANG_WARN_ENUM_CONVERSION = YES;
				CLANG_WARN_INFINITE_RECURSION = YES;
				CLANG_WARN_INT_CONVERSION = YES;
				CLANG_WARN_NON_LITERAL_NULL_CONVERSION = YES;
				CLANG_WARN_OBJC_IMPLICIT_RETAIN_SELF = YES;
				CLANG_WARN_OBJC_LITERAL_CONVERSION = YES;
				CLANG_WARN_OBJC_ROOT_CLASS = YES_ERROR;
				CLANG_WARN_QUOTED_INCLUDE_IN_FRAMEWORK_HEADER = YES;
				CLANG_WARN_RANGE_LOOP_ANALYSIS = YES;
				CLANG_WARN_STRICT_PROTOTYPES = YES;
				CLANG_WARN_SUSPICIOUS_MOVE = YES;
				CLANG_WARN_UNGUARDED_AVAILABILITY = YES_AGGRESSIVE;
				CLANG_WARN_UNREACHABLE_CODE = YES;
				CLANG_WARN__DUPLICATE_METHOD_MATCH = YES;
				COPY_PHASE_STRIP = NO;
				DEBUG_INFORMATION_FORMAT = dwarf;
				ENABLE_STRICT_OBJC_MSGSEND = YES;
				ENABLE_TESTABILITY = YES;
				ENABLE_USER_SCRIPT_SANDBOXING = YES;
				GCC_C_LANGUAGE_STANDARD = gnu17;
				GCC_DYNAMIC_NO_PIC = NO;
				GCC_NO_COMMON_BLOCKS = YES;
				GCC_OPTIMIZATION_LEVEL = 0;
				GCC_PREPROCESSOR_DEFINITIONS = (
					"DEBUG=1",
					"$(inherited)",
				);
				GCC_WARN_64_TO_32_BIT_CONVERSION = YES;
				GCC_WARN_ABOUT_RETURN_TYPE = YES_ERROR;
				GCC_WARN_UNDECLARED_SELECTOR = YES;
				GCC_WARN_UNINITIALIZED_AUTOS = YES_AGGRESSIVE;
				GCC_WARN_UNUSED_FUNCTION = YES;
				GCC_WARN_UNUSED_VARIABLE = YES;
				IPHONEOS_DEPLOYMENT_TARGET = 17.0;
				LOCALIZATION_PREFERS_STRING_CATALOGS = YES;
				MTL_ENABLE_DEBUG_INFO = INCLUDE_SOURCE;
				MTL_FAST_MATH = YES;
				ONLY_ACTIVE_ARCH = YES;
				SDKROOT = iphoneos;
				SWIFT_ACTIVE_COMPILATION_CONDITIONS = "DEBUG $(inherited)";
				SWIFT_OPTIMIZATION_LEVEL = "-Onone";
			};
			name = Debug;
		};
		26DE918C2B516AEA00ADC13A /* Release */ = {
			isa = XCBuildConfiguration;
			buildSettings = {
				ALWAYS_SEARCH_USER_PATHS = NO;
				ASSETCATALOG_COMPILER_GENERATE_SWIFT_ASSET_SYMBOL_EXTENSIONS = YES;
				CLANG_ANALYZER_NONNULL = YES;
				CLANG_ANALYZER_NUMBER_OBJECT_CONVERSION = YES_AGGRESSIVE;
				CLANG_CXX_LANGUAGE_STANDARD = "gnu++20";
				CLANG_ENABLE_MODULES = YES;
				CLANG_ENABLE_OBJC_ARC = YES;
				CLANG_ENABLE_OBJC_WEAK = YES;
				CLANG_WARN_BLOCK_CAPTURE_AUTORELEASING = YES;
				CLANG_WARN_BOOL_CONVERSION = YES;
				CLANG_WARN_COMMA = YES;
				CLANG_WARN_CONSTANT_CONVERSION = YES;
				CLANG_WARN_DEPRECATED_OBJC_IMPLEMENTATIONS = YES;
				CLANG_WARN_DIRECT_OBJC_ISA_USAGE = YES_ERROR;
				CLANG_WARN_DOCUMENTATION_COMMENTS = YES;
				CLANG_WARN_EMPTY_BODY = YES;
				CLANG_WARN_ENUM_CONVERSION = YES;
				CLANG_WARN_INFINITE_RECURSION = YES;
				CLANG_WARN_INT_CONVERSION = YES;
				CLANG_WARN_NON_LITERAL_NULL_CONVERSION = YES;
				CLANG_WARN_OBJC_IMPLICIT_RETAIN_SELF = YES;
				CLANG_WARN_OBJC_LITERAL_CONVERSION = YES;
				CLANG_WARN_OBJC_ROOT_CLASS = YES_ERROR;
				CLANG_WARN_QUOTED_INCLUDE_IN_FRAMEWORK_HEADER = YES;
				CLANG_WARN_RANGE_LOOP_ANALYSIS = YES;
				CLANG_WARN_STRICT_PROTOTYPES = YES;
				CLANG_WARN_SUSPICIOUS_MOVE = YES;
				CLANG_WARN_UNGUARDED_AVAILABILITY = YES_AGGRESSIVE;
				CLANG_WARN_UNREACHABLE_CODE = YES;
				CLANG_WARN__DUPLICATE_METHOD_MATCH = YES;
				COPY_PHASE_STRIP = NO;
				DEBUG_INFORMATION_FORMAT = "dwarf-with-dsym";
				ENABLE_NS_ASSERTIONS = NO;
				ENABLE_STRICT_OBJC_MSGSEND = YES;
				ENABLE_USER_SCRIPT_SANDBOXING = YES;
				GCC_C_LANGUAGE_STANDARD = gnu17;
				GCC_NO_COMMON_BLOCKS = YES;
				GCC_WARN_64_TO_32_BIT_CONVERSION = YES;
				GCC_WARN_ABOUT_RETURN_TYPE = YES_ERROR;
				GCC_WARN_UNDECLARED_SELECTOR = YES;
				GCC_WARN_UNINITIALIZED_AUTOS = YES_AGGRESSIVE;
				GCC_WARN_UNUSED_FUNCTION = YES;
				GCC_WARN_UNUSED_VARIABLE = YES;
				IPHONEOS_DEPLOYMENT_TARGET = 17.0;
				LOCALIZATION_PREFERS_STRING_CATALOGS = YES;
				MTL_ENABLE_DEBUG_INFO = NO;
				MTL_FAST_MATH = YES;
				SDKROOT = iphoneos;
				SWIFT_COMPILATION_MODE = wholemodule;
				VALIDATE_PRODUCT = YES;
			};
			name = Release;
		};
		26DE918E2B516AEA00ADC13A /* Debug */ = {
			isa = XCBuildConfiguration;
			buildSettings = {
				ASSETCATALOG_COMPILER_APPICON_NAME = AppIcon;
				ASSETCATALOG_COMPILER_GLOBAL_ACCENT_COLOR_NAME = AccentColor;
				CODE_SIGN_STYLE = Automatic;
				CURRENT_PROJECT_VERSION = 1;
				DEVELOPMENT_ASSET_PATHS = "\"Preview Content\"";
				DEVELOPMENT_TEAM = R6XNAQSMZ9;
				ENABLE_PREVIEWS = YES;
				GENERATE_INFOPLIST_FILE = YES;
				INFOPLIST_KEY_CFBundleDisplayName = "Bull's eye";
				INFOPLIST_KEY_UIApplicationSceneManifest_Generation = YES;
				INFOPLIST_KEY_UIApplicationSupportsIndirectInputEvents = YES;
				INFOPLIST_KEY_UILaunchScreen_Generation = YES;
				INFOPLIST_KEY_UISupportedInterfaceOrientations_iPad = "UIInterfaceOrientationPortrait UIInterfaceOrientationPortraitUpsideDown UIInterfaceOrientationLandscapeLeft UIInterfaceOrientationLandscapeRight";
				INFOPLIST_KEY_UISupportedInterfaceOrientations_iPhone = "UIInterfaceOrientationPortrait UIInterfaceOrientationLandscapeLeft UIInterfaceOrientationLandscapeRight";
				LD_RUNPATH_SEARCH_PATHS = (
					"$(inherited)",
					"@executable_path/Frameworks",
				);
				MARKETING_VERSION = 1.0;
				PRODUCT_BUNDLE_IDENTIFIER = com.temur.Bullseye;
				PRODUCT_NAME = "$(TARGET_NAME)";
				SWIFT_EMIT_LOC_STRINGS = YES;
				SWIFT_VERSION = 5.0;
				TARGETED_DEVICE_FAMILY = "1,2";
			};
			name = Debug;
		};
		26DE918F2B516AEA00ADC13A /* Release */ = {
			isa = XCBuildConfiguration;
			buildSettings = {
				ASSETCATALOG_COMPILER_APPICON_NAME = AppIcon;
				ASSETCATALOG_COMPILER_GLOBAL_ACCENT_COLOR_NAME = AccentColor;
				CODE_SIGN_STYLE = Automatic;
				CURRENT_PROJECT_VERSION = 1;
				DEVELOPMENT_ASSET_PATHS = "\"Preview Content\"";
				DEVELOPMENT_TEAM = R6XNAQSMZ9;
				ENABLE_PREVIEWS = YES;
				GENERATE_INFOPLIST_FILE = YES;
				INFOPLIST_KEY_CFBundleDisplayName = "Bull's eye";
				INFOPLIST_KEY_UIApplicationSceneManifest_Generation = YES;
				INFOPLIST_KEY_UIApplicationSupportsIndirectInputEvents = YES;
				INFOPLIST_KEY_UILaunchScreen_Generation = YES;
				INFOPLIST_KEY_UISupportedInterfaceOrientations_iPad = "UIInterfaceOrientationPortrait UIInterfaceOrientationPortraitUpsideDown UIInterfaceOrientationLandscapeLeft UIInterfaceOrientationLandscapeRight";
				INFOPLIST_KEY_UISupportedInterfaceOrientations_iPhone = "UIInterfaceOrientationPortrait UIInterfaceOrientationLandscapeLeft UIInterfaceOrientationLandscapeRight";
				LD_RUNPATH_SEARCH_PATHS = (
					"$(inherited)",
					"@executable_path/Frameworks",
				);
				MARKETING_VERSION = 1.0;
				PRODUCT_BUNDLE_IDENTIFIER = com.temur.Bullseye;
				PRODUCT_NAME = "$(TARGET_NAME)";
				SWIFT_EMIT_LOC_STRINGS = YES;
				SWIFT_VERSION = 5.0;
				TARGETED_DEVICE_FAMILY = "1,2";
			};
			name = Release;
		};
		26DE91912B516AEA00ADC13A /* Debug */ = {
			isa = XCBuildConfiguration;
			buildSettings = {
				ALWAYS_EMBED_SWIFT_STANDARD_LIBRARIES = YES;
				BUNDLE_LOADER = "$(TEST_HOST)";
				CODE_SIGN_STYLE = Automatic;
				CURRENT_PROJECT_VERSION = 1;
				GENERATE_INFOPLIST_FILE = YES;
				IPHONEOS_DEPLOYMENT_TARGET = 17.0;
				MARKETING_VERSION = 1.0;
				PRODUCT_BUNDLE_IDENTIFIER = com.temur.BullseyeTests;
				PRODUCT_NAME = "$(TARGET_NAME)";
				SWIFT_EMIT_LOC_STRINGS = NO;
				SWIFT_VERSION = 5.0;
				TARGETED_DEVICE_FAMILY = "1,2";
				TEST_HOST = "$(BUILT_PRODUCTS_DIR)/Bullseye.app/$(BUNDLE_EXECUTABLE_FOLDER_PATH)/Bullseye";
			};
			name = Debug;
		};
		26DE91922B516AEA00ADC13A /* Release */ = {
			isa = XCBuildConfiguration;
			buildSettings = {
				ALWAYS_EMBED_SWIFT_STANDARD_LIBRARIES = YES;
				BUNDLE_LOADER = "$(TEST_HOST)";
				CODE_SIGN_STYLE = Automatic;
				CURRENT_PROJECT_VERSION = 1;
				GENERATE_INFOPLIST_FILE = YES;
				IPHONEOS_DEPLOYMENT_TARGET = 17.0;
				MARKETING_VERSION = 1.0;
				PRODUCT_BUNDLE_IDENTIFIER = com.temur.BullseyeTests;
				PRODUCT_NAME = "$(TARGET_NAME)";
				SWIFT_EMIT_LOC_STRINGS = NO;
				SWIFT_VERSION = 5.0;
				TARGETED_DEVICE_FAMILY = "1,2";
				TEST_HOST = "$(BUILT_PRODUCTS_DIR)/Bullseye.app/$(BUNDLE_EXECUTABLE_FOLDER_PATH)/Bullseye";
			};
			name = Release;
		};
		26DE91942B516AEA00ADC13A /* Debug */ = {
			isa = XCBuildConfiguration;
			buildSettings = {
				ALWAYS_EMBED_SWIFT_STANDARD_LIBRARIES = YES;
				CODE_SIGN_STYLE = Automatic;
				CURRENT_PROJECT_VERSION = 1;
				GENERATE_INFOPLIST_FILE = YES;
				MARKETING_VERSION = 1.0;
				PRODUCT_BUNDLE_IDENTIFIER = com.temur.BullseyeUITests;
				PRODUCT_NAME = "$(TARGET_NAME)";
				SWIFT_EMIT_LOC_STRINGS = NO;
				SWIFT_VERSION = 5.0;
				TARGETED_DEVICE_FAMILY = "1,2";
				TEST_TARGET_NAME = Bullseye;
			};
			name = Debug;
		};
		26DE91952B516AEA00ADC13A /* Release */ = {
			isa = XCBuildConfiguration;
			buildSettings = {
				ALWAYS_EMBED_SWIFT_STANDARD_LIBRARIES = YES;
				CODE_SIGN_STYLE = Automatic;
				CURRENT_PROJECT_VERSION = 1;
				GENERATE_INFOPLIST_FILE = YES;
				MARKETING_VERSION = 1.0;
				PRODUCT_BUNDLE_IDENTIFIER = com.temur.BullseyeUITests;
				PRODUCT_NAME = "$(TARGET_NAME)";
				SWIFT_EMIT_LOC_STRINGS = NO;
				SWIFT_VERSION = 5.0;
				TARGETED_DEVICE_FAMILY = "1,2";
				TEST_TARGET_NAME = Bullseye;
			};
			name = Release;
		};
/* End XCBuildConfiguration section */

/* Begin XCConfigurationList section */
		26DE91642B516AE700ADC13A /* Build configuration list for PBXProject "Bullseye" */ = {
			isa = XCConfigurationList;
			buildConfigurations = (
				26DE918B2B516AEA00ADC13A /* Debug */,
				26DE918C2B516AEA00ADC13A /* Release */,
			);
			defaultConfigurationIsVisible = 0;
			defaultConfigurationName = Release;
		};
		26DE918D2B516AEA00ADC13A /* Build configuration list for PBXNativeTarget "Bullseye" */ = {
			isa = XCConfigurationList;
			buildConfigurations = (
				26DE918E2B516AEA00ADC13A /* Debug */,
				26DE918F2B516AEA00ADC13A /* Release */,
			);
			defaultConfigurationIsVisible = 0;
			defaultConfigurationName = Release;
		};
		26DE91902B516AEA00ADC13A /* Build configuration list for PBXNativeTarget "BullseyeTests" */ = {
			isa = XCConfigurationList;
			buildConfigurations = (
				26DE91912B516AEA00ADC13A /* Debug */,
				26DE91922B516AEA00ADC13A /* Release */,
			);
			defaultConfigurationIsVisible = 0;
			defaultConfigurationName = Release;
		};
		26DE91932B516AEA00ADC13A /* Build configuration list for PBXNativeTarget "BullseyeUITests" */ = {
			isa = XCConfigurationList;
			buildConfigurations = (
				26DE91942B516AEA00ADC13A /* Debug */,
				26DE91952B516AEA00ADC13A /* Release */,
			);
			defaultConfigurationIsVisible = 0;
			defaultConfigurationName = Release;
		};
/* End XCConfigurationList section */
	};
	rootObject = 26DE91612B516AE700ADC13A /* Project object */;
}
